// !$*UTF8*$!
{
	archiveVersion = 1;
	classes = {
	};
	objectVersion = 50;
	objects = {

/* Begin PBXBuildFile section */
		169D167AA87DF0682D591E29 /* Pods_todo_appTests.framework in Frameworks */ = {isa = PBXBuildFile; fileRef = F7D2723289A5204FD1008D3D /* Pods_todo_appTests.framework */; };
		384C88CD214027970020B6D8 /* AppDelegate.swift in Sources */ = {isa = PBXBuildFile; fileRef = 384C88CC214027970020B6D8 /* AppDelegate.swift */; };
		384C88D2214027970020B6D8 /* Main.storyboard in Resources */ = {isa = PBXBuildFile; fileRef = 384C88D0214027970020B6D8 /* Main.storyboard */; };
		384C88D4214027980020B6D8 /* Assets.xcassets in Resources */ = {isa = PBXBuildFile; fileRef = 384C88D3214027980020B6D8 /* Assets.xcassets */; };
		384C88D7214027980020B6D8 /* LaunchScreen.storyboard in Resources */ = {isa = PBXBuildFile; fileRef = 384C88D5214027980020B6D8 /* LaunchScreen.storyboard */; };
		385147512142A1AF0085750D /* Screen Shot 2018-08-29 at 11.12.39.png in Resources */ = {isa = PBXBuildFile; fileRef = 385147502142A1AF0085750D /* Screen Shot 2018-08-29 at 11.12.39.png */; };
		385147532142A57E0085750D /* TodosViewController.swift in Sources */ = {isa = PBXBuildFile; fileRef = 385147522142A57E0085750D /* TodosViewController.swift */; };
		385147552142B09A0085750D /* CrossroadsTableViewController.swift in Sources */ = {isa = PBXBuildFile; fileRef = 385147542142B09A0085750D /* CrossroadsTableViewController.swift */; };
		385147572142BE3E0085750D /* TodoNewViewController.swift in Sources */ = {isa = PBXBuildFile; fileRef = 385147562142BE3E0085750D /* TodoNewViewController.swift */; };
		385147592142C1B90085750D /* Todo.swift in Sources */ = {isa = PBXBuildFile; fileRef = 385147582142C1B90085750D /* Todo.swift */; };
		3851475D2142CD3C0085750D /* QRScannerController.swift in Sources */ = {isa = PBXBuildFile; fileRef = 3851475C2142CD3C0085750D /* QRScannerController.swift */; };
		385AE8FE214670A400C7602E /* AlphaVC.swift in Sources */ = {isa = PBXBuildFile; fileRef = 385AE8FD214670A400C7602E /* AlphaVC.swift */; };
		385AE900214670BD00C7602E /* BravoVC.swift in Sources */ = {isa = PBXBuildFile; fileRef = 385AE8FF214670BD00C7602E /* BravoVC.swift */; };
		385AE902214670DC00C7602E /* DataObject.swift in Sources */ = {isa = PBXBuildFile; fileRef = 385AE901214670DC00C7602E /* DataObject.swift */; };
		385AE9042146713100C7602E /* ViewController.swift in Sources */ = {isa = PBXBuildFile; fileRef = 385AE9032146713100C7602E /* ViewController.swift */; };
		385AE9062146714500C7602E /* SecondViewController.swift in Sources */ = {isa = PBXBuildFile; fileRef = 385AE9052146714500C7602E /* SecondViewController.swift */; };
		385AE9082146716000C7602E /* ThirdViewController.swift in Sources */ = {isa = PBXBuildFile; fileRef = 385AE9072146716000C7602E /* ThirdViewController.swift */; };
		385AE91421469C9200C7602E /* if_FEZ-05_196911.png in Resources */ = {isa = PBXBuildFile; fileRef = 385AE91321469C9200C7602E /* if_FEZ-05_196911.png */; };
		385AE91E2146AB1D00C7602E /* Untitled.png in Resources */ = {isa = PBXBuildFile; fileRef = 385AE91D2146AB1D00C7602E /* Untitled.png */; };
		385AE9602146B2AB00C7602E /* timer-pause.png in Resources */ = {isa = PBXBuildFile; fileRef = 385AE95D2146B2AB00C7602E /* timer-pause.png */; };
		385AE9612146B2AB00C7602E /* timer-reset.png in Resources */ = {isa = PBXBuildFile; fileRef = 385AE95E2146B2AB00C7602E /* timer-reset.png */; };
		385AE9622146B2AB00C7602E /* timer-start.png in Resources */ = {isa = PBXBuildFile; fileRef = 385AE95F2146B2AB00C7602E /* timer-start.png */; };
		385AE9652146B48700C7602E /* TimerViewController.swift in Sources */ = {isa = PBXBuildFile; fileRef = 385AE9642146B48700C7602E /* TimerViewController.swift */; };
		385AE9682147D9A800C7602E /* ChameleonViewController.swift in Sources */ = {isa = PBXBuildFile; fileRef = 385AE9672147D9A800C7602E /* ChameleonViewController.swift */; };
		387997D12147E51300E2A6F0 /* WeatherViewController.swift in Sources */ = {isa = PBXBuildFile; fileRef = 387997D02147E51300E2A6F0 /* WeatherViewController.swift */; };
		387997D32147E5F000E2A6F0 /* WeatherInfoProvider.swift in Sources */ = {isa = PBXBuildFile; fileRef = 387997D22147E5F000E2A6F0 /* WeatherInfoProvider.swift */; };
		387997D52147E5FE00E2A6F0 /* WeatherInfo.swift in Sources */ = {isa = PBXBuildFile; fileRef = 387997D42147E5FE00E2A6F0 /* WeatherInfo.swift */; };
		387997D72147E75A00E2A6F0 /* WeatherConstants.swift in Sources */ = {isa = PBXBuildFile; fileRef = 387997D62147E75A00E2A6F0 /* WeatherConstants.swift */; };
		387997D92147EE9600E2A6F0 /* UserDefaultsHelper.swift in Sources */ = {isa = PBXBuildFile; fileRef = 387997D82147EE9600E2A6F0 /* UserDefaultsHelper.swift */; };
		387997DB2147F80300E2A6F0 /* StorageHelper.swift in Sources */ = {isa = PBXBuildFile; fileRef = 387997DA2147F80300E2A6F0 /* StorageHelper.swift */; };
		77C5C25389EA86CA80CD0E99 /* Pods_todo_appUITests.framework in Frameworks */ = {isa = PBXBuildFile; fileRef = AC0F382874C9EBEB29DD0C1C /* Pods_todo_appUITests.framework */; };
		CDA7005FC89D8B5651BDA1B6 /* Pods_todo_app.framework in Frameworks */ = {isa = PBXBuildFile; fileRef = 7C2EB3BD9C3CB92F4693AD36 /* Pods_todo_app.framework */; };
/* End PBXBuildFile section */

/* Begin PBXContainerItemProxy section */
		384C88DE214027980020B6D8 /* PBXContainerItemProxy */ = {
			isa = PBXContainerItemProxy;
			containerPortal = 384C88C1214027970020B6D8 /* Project object */;
			proxyType = 1;
			remoteGlobalIDString = 384C88C8214027970020B6D8;
			remoteInfo = "todo-app";
		};
		384C88E9214027980020B6D8 /* PBXContainerItemProxy */ = {
			isa = PBXContainerItemProxy;
			containerPortal = 384C88C1214027970020B6D8 /* Project object */;
			proxyType = 1;
			remoteGlobalIDString = 384C88C8214027970020B6D8;
			remoteInfo = "todo-app";
		};
/* End PBXContainerItemProxy section */

/* Begin PBXFileReference section */
		0DC0579FAC3DAB55AF5CC493 /* Pods-todo-appTests.debug.xcconfig */ = {isa = PBXFileReference; includeInIndex = 1; lastKnownFileType = text.xcconfig; name = "Pods-todo-appTests.debug.xcconfig"; path = "Pods/Target Support Files/Pods-todo-appTests/Pods-todo-appTests.debug.xcconfig"; sourceTree = "<group>"; };
		384C88C9214027970020B6D8 /* todo-app.app */ = {isa = PBXFileReference; explicitFileType = wrapper.application; includeInIndex = 0; path = "todo-app.app"; sourceTree = BUILT_PRODUCTS_DIR; };
		384C88CC214027970020B6D8 /* AppDelegate.swift */ = {isa = PBXFileReference; lastKnownFileType = sourcecode.swift; path = AppDelegate.swift; sourceTree = "<group>"; };
		384C88D1214027970020B6D8 /* Base */ = {isa = PBXFileReference; lastKnownFileType = file.storyboard; name = Base; path = Base.lproj/Main.storyboard; sourceTree = "<group>"; };
		384C88D3214027980020B6D8 /* Assets.xcassets */ = {isa = PBXFileReference; lastKnownFileType = folder.assetcatalog; path = Assets.xcassets; sourceTree = "<group>"; };
		384C88D6214027980020B6D8 /* Base */ = {isa = PBXFileReference; lastKnownFileType = file.storyboard; name = Base; path = Base.lproj/LaunchScreen.storyboard; sourceTree = "<group>"; };
		384C88D8214027980020B6D8 /* Info.plist */ = {isa = PBXFileReference; lastKnownFileType = text.plist.xml; path = Info.plist; sourceTree = "<group>"; };
		384C88DD214027980020B6D8 /* todo-appTests.xctest */ = {isa = PBXFileReference; explicitFileType = wrapper.cfbundle; includeInIndex = 0; path = "todo-appTests.xctest"; sourceTree = BUILT_PRODUCTS_DIR; };
		384C88E8214027980020B6D8 /* todo-appUITests.xctest */ = {isa = PBXFileReference; explicitFileType = wrapper.cfbundle; includeInIndex = 0; path = "todo-appUITests.xctest"; sourceTree = BUILT_PRODUCTS_DIR; };
		385147502142A1AF0085750D /* Screen Shot 2018-08-29 at 11.12.39.png */ = {isa = PBXFileReference; lastKnownFileType = image.png; name = "Screen Shot 2018-08-29 at 11.12.39.png"; path = "../../../../../../Desktop/Screen Shot 2018-08-29 at 11.12.39.png"; sourceTree = "<group>"; };
		385147522142A57E0085750D /* TodosViewController.swift */ = {isa = PBXFileReference; lastKnownFileType = sourcecode.swift; path = TodosViewController.swift; sourceTree = "<group>"; };
		385147542142B09A0085750D /* CrossroadsTableViewController.swift */ = {isa = PBXFileReference; lastKnownFileType = sourcecode.swift; path = CrossroadsTableViewController.swift; sourceTree = "<group>"; };
		385147562142BE3E0085750D /* TodoNewViewController.swift */ = {isa = PBXFileReference; lastKnownFileType = sourcecode.swift; path = TodoNewViewController.swift; sourceTree = "<group>"; };
		385147582142C1B90085750D /* Todo.swift */ = {isa = PBXFileReference; lastKnownFileType = sourcecode.swift; path = Todo.swift; sourceTree = "<group>"; };
		3851475C2142CD3C0085750D /* QRScannerController.swift */ = {isa = PBXFileReference; lastKnownFileType = sourcecode.swift; path = QRScannerController.swift; sourceTree = "<group>"; };
		385AE8FD214670A400C7602E /* AlphaVC.swift */ = {isa = PBXFileReference; lastKnownFileType = sourcecode.swift; path = AlphaVC.swift; sourceTree = "<group>"; };
		385AE8FF214670BD00C7602E /* BravoVC.swift */ = {isa = PBXFileReference; lastKnownFileType = sourcecode.swift; path = BravoVC.swift; sourceTree = "<group>"; };
		385AE901214670DC00C7602E /* DataObject.swift */ = {isa = PBXFileReference; lastKnownFileType = sourcecode.swift; path = DataObject.swift; sourceTree = "<group>"; };
		385AE9032146713100C7602E /* ViewController.swift */ = {isa = PBXFileReference; lastKnownFileType = sourcecode.swift; path = ViewController.swift; sourceTree = "<group>"; };
		385AE9052146714500C7602E /* SecondViewController.swift */ = {isa = PBXFileReference; lastKnownFileType = sourcecode.swift; path = SecondViewController.swift; sourceTree = "<group>"; };
		385AE9072146716000C7602E /* ThirdViewController.swift */ = {isa = PBXFileReference; lastKnownFileType = sourcecode.swift; path = ThirdViewController.swift; sourceTree = "<group>"; };
		385AE91321469C9200C7602E /* if_FEZ-05_196911.png */ = {isa = PBXFileReference; lastKnownFileType = image.png; name = "if_FEZ-05_196911.png"; path = "../../../../../../Downloads/if_FEZ-05_196911.png"; sourceTree = "<group>"; };
		385AE91D2146AB1D00C7602E /* Untitled.png */ = {isa = PBXFileReference; lastKnownFileType = image.png; name = Untitled.png; path = ../../../../../graphic/Untitled.png; sourceTree = "<group>"; };
		385AE95D2146B2AB00C7602E /* timer-pause.png */ = {isa = PBXFileReference; lastKnownFileType = image.png; name = "timer-pause.png"; path = "../../../../../../../Downloads/timer-pause.png"; sourceTree = "<group>"; };
		385AE95E2146B2AB00C7602E /* timer-reset.png */ = {isa = PBXFileReference; lastKnownFileType = image.png; name = "timer-reset.png"; path = "../../../../../../../Downloads/timer-reset.png"; sourceTree = "<group>"; };
		385AE95F2146B2AB00C7602E /* timer-start.png */ = {isa = PBXFileReference; lastKnownFileType = image.png; name = "timer-start.png"; path = "../../../../../../../Downloads/timer-start.png"; sourceTree = "<group>"; };
		385AE9642146B48700C7602E /* TimerViewController.swift */ = {isa = PBXFileReference; lastKnownFileType = sourcecode.swift; path = TimerViewController.swift; sourceTree = "<group>"; };
		385AE9672147D9A800C7602E /* ChameleonViewController.swift */ = {isa = PBXFileReference; lastKnownFileType = sourcecode.swift; path = ChameleonViewController.swift; sourceTree = "<group>"; };
		387997D02147E51300E2A6F0 /* WeatherViewController.swift */ = {isa = PBXFileReference; lastKnownFileType = sourcecode.swift; path = WeatherViewController.swift; sourceTree = "<group>"; };
		387997D22147E5F000E2A6F0 /* WeatherInfoProvider.swift */ = {isa = PBXFileReference; lastKnownFileType = sourcecode.swift; path = WeatherInfoProvider.swift; sourceTree = "<group>"; };
		387997D42147E5FE00E2A6F0 /* WeatherInfo.swift */ = {isa = PBXFileReference; lastKnownFileType = sourcecode.swift; path = WeatherInfo.swift; sourceTree = "<group>"; };
		387997D62147E75A00E2A6F0 /* WeatherConstants.swift */ = {isa = PBXFileReference; lastKnownFileType = sourcecode.swift; name = WeatherConstants.swift; path = "todo-app/Weather/WeatherConstants.swift"; sourceTree = SOURCE_ROOT; };
		387997D82147EE9600E2A6F0 /* UserDefaultsHelper.swift */ = {isa = PBXFileReference; lastKnownFileType = sourcecode.swift; path = UserDefaultsHelper.swift; sourceTree = "<group>"; };
		387997DA2147F80300E2A6F0 /* StorageHelper.swift */ = {isa = PBXFileReference; lastKnownFileType = sourcecode.swift; path = StorageHelper.swift; sourceTree = "<group>"; };
		4F893A3AD035CB019D297F86 /* Pods-todo-app.debug.xcconfig */ = {isa = PBXFileReference; includeInIndex = 1; lastKnownFileType = text.xcconfig; name = "Pods-todo-app.debug.xcconfig"; path = "Pods/Target Support Files/Pods-todo-app/Pods-todo-app.debug.xcconfig"; sourceTree = "<group>"; };
		7C2EB3BD9C3CB92F4693AD36 /* Pods_todo_app.framework */ = {isa = PBXFileReference; explicitFileType = wrapper.framework; includeInIndex = 0; path = Pods_todo_app.framework; sourceTree = BUILT_PRODUCTS_DIR; };
		AC0F382874C9EBEB29DD0C1C /* Pods_todo_appUITests.framework */ = {isa = PBXFileReference; explicitFileType = wrapper.framework; includeInIndex = 0; path = Pods_todo_appUITests.framework; sourceTree = BUILT_PRODUCTS_DIR; };
		ADEEA5FDDDCA438E2E85FDC8 /* Pods-todo-app.release.xcconfig */ = {isa = PBXFileReference; includeInIndex = 1; lastKnownFileType = text.xcconfig; name = "Pods-todo-app.release.xcconfig"; path = "Pods/Target Support Files/Pods-todo-app/Pods-todo-app.release.xcconfig"; sourceTree = "<group>"; };
		B09F4EA74BF98D00A1B707EB /* Pods-todo-appUITests.release.xcconfig */ = {isa = PBXFileReference; includeInIndex = 1; lastKnownFileType = text.xcconfig; name = "Pods-todo-appUITests.release.xcconfig"; path = "Pods/Target Support Files/Pods-todo-appUITests/Pods-todo-appUITests.release.xcconfig"; sourceTree = "<group>"; };
		E6AC614AA7C6E86611E1193A /* Pods-todo-appTests.release.xcconfig */ = {isa = PBXFileReference; includeInIndex = 1; lastKnownFileType = text.xcconfig; name = "Pods-todo-appTests.release.xcconfig"; path = "Pods/Target Support Files/Pods-todo-appTests/Pods-todo-appTests.release.xcconfig"; sourceTree = "<group>"; };
		F7D2723289A5204FD1008D3D /* Pods_todo_appTests.framework */ = {isa = PBXFileReference; explicitFileType = wrapper.framework; includeInIndex = 0; path = Pods_todo_appTests.framework; sourceTree = BUILT_PRODUCTS_DIR; };
		FD513DF5687A22279381D0DE /* Pods-todo-appUITests.debug.xcconfig */ = {isa = PBXFileReference; includeInIndex = 1; lastKnownFileType = text.xcconfig; name = "Pods-todo-appUITests.debug.xcconfig"; path = "Pods/Target Support Files/Pods-todo-appUITests/Pods-todo-appUITests.debug.xcconfig"; sourceTree = "<group>"; };
/* End PBXFileReference section */

/* Begin PBXFrameworksBuildPhase section */
		384C88C6214027970020B6D8 /* Frameworks */ = {
			isa = PBXFrameworksBuildPhase;
			buildActionMask = 2147483647;
			files = (
				CDA7005FC89D8B5651BDA1B6 /* Pods_todo_app.framework in Frameworks */,
			);
			runOnlyForDeploymentPostprocessing = 0;
		};
		384C88DA214027980020B6D8 /* Frameworks */ = {
			isa = PBXFrameworksBuildPhase;
			buildActionMask = 2147483647;
			files = (
				169D167AA87DF0682D591E29 /* Pods_todo_appTests.framework in Frameworks */,
			);
			runOnlyForDeploymentPostprocessing = 0;
		};
		384C88E5214027980020B6D8 /* Frameworks */ = {
			isa = PBXFrameworksBuildPhase;
			buildActionMask = 2147483647;
			files = (
				77C5C25389EA86CA80CD0E99 /* Pods_todo_appUITests.framework in Frameworks */,
			);
			runOnlyForDeploymentPostprocessing = 0;
		};
/* End PBXFrameworksBuildPhase section */

/* Begin PBXGroup section */
		26570F33CC64C3A55531F62A /* Frameworks */ = {
			isa = PBXGroup;
			children = (
				7C2EB3BD9C3CB92F4693AD36 /* Pods_todo_app.framework */,
				F7D2723289A5204FD1008D3D /* Pods_todo_appTests.framework */,
				AC0F382874C9EBEB29DD0C1C /* Pods_todo_appUITests.framework */,
			);
			name = Frameworks;
			sourceTree = "<group>";
		};
		384C88C0214027970020B6D8 = {
			isa = PBXGroup;
			children = (
				384C88CB214027970020B6D8 /* todo-app */,
				384C88CA214027970020B6D8 /* Products */,
				F914EEBA5E110AD2567D012D /* Pods */,
				26570F33CC64C3A55531F62A /* Frameworks */,
			);
			sourceTree = "<group>";
		};
		384C88CA214027970020B6D8 /* Products */ = {
			isa = PBXGroup;
			children = (
				384C88C9214027970020B6D8 /* todo-app.app */,
				384C88DD214027980020B6D8 /* todo-appTests.xctest */,
				384C88E8214027980020B6D8 /* todo-appUITests.xctest */,
			);
			name = Products;
			sourceTree = "<group>";
		};
		384C88CB214027970020B6D8 /* todo-app */ = {
			isa = PBXGroup;
			children = (
				387997CF2147E50200E2A6F0 /* Weather */,
				385AE9662147D91100C7602E /* pods */,
				3851474F2142A1960085750D /* img */,
				385AE8FC2146707C00C7602E /* Navigation */,
				385AE8F821466E6800C7602E /* TodoApp */,
				385AE8F721466E2D00C7602E /* Bar scanner */,
				385AE9632146B43400C7602E /* timer */,
				384C88CC214027970020B6D8 /* AppDelegate.swift */,
				384C88D8214027980020B6D8 /* Info.plist */,
				385147542142B09A0085750D /* CrossroadsTableViewController.swift */,
				384C88D3214027980020B6D8 /* Assets.xcassets */,
				384C88D5214027980020B6D8 /* LaunchScreen.storyboard */,
				384C88D0214027970020B6D8 /* Main.storyboard */,
			);
			path = "todo-app";
			sourceTree = "<group>";
		};
		3851474F2142A1960085750D /* img */ = {
			isa = PBXGroup;
			children = (
				385AE95A2146B1E100C7602E /* timer-icons */,
				385AE91D2146AB1D00C7602E /* Untitled.png */,
				385AE91321469C9200C7602E /* if_FEZ-05_196911.png */,
				385147502142A1AF0085750D /* Screen Shot 2018-08-29 at 11.12.39.png */,
			);
			path = img;
			sourceTree = "<group>";
		};
		385AE8F721466E2D00C7602E /* Bar scanner */ = {
			isa = PBXGroup;
			children = (
				3851475C2142CD3C0085750D /* QRScannerController.swift */,
			);
			path = "Bar scanner";
			sourceTree = "<group>";
		};
		385AE8F821466E6800C7602E /* TodoApp */ = {
			isa = PBXGroup;
			children = (
				385147562142BE3E0085750D /* TodoNewViewController.swift */,
				385147522142A57E0085750D /* TodosViewController.swift */,
				385147582142C1B90085750D /* Todo.swift */,
			);
			path = TodoApp;
			sourceTree = "<group>";
		};
		385AE8FC2146707C00C7602E /* Navigation */ = {
			isa = PBXGroup;
			children = (
				385AE8FD214670A400C7602E /* AlphaVC.swift */,
				385AE901214670DC00C7602E /* DataObject.swift */,
				385AE8FF214670BD00C7602E /* BravoVC.swift */,
				385AE9032146713100C7602E /* ViewController.swift */,
				385AE9052146714500C7602E /* SecondViewController.swift */,
				385AE9072146716000C7602E /* ThirdViewController.swift */,
			);
			path = Navigation;
			sourceTree = "<group>";
		};
		385AE95A2146B1E100C7602E /* timer-icons */ = {
			isa = PBXGroup;
			children = (
				385AE95D2146B2AB00C7602E /* timer-pause.png */,
				385AE95E2146B2AB00C7602E /* timer-reset.png */,
				385AE95F2146B2AB00C7602E /* timer-start.png */,
			);
			path = "timer-icons";
			sourceTree = "<group>";
		};
		385AE9632146B43400C7602E /* timer */ = {
			isa = PBXGroup;
			children = (
				385AE9642146B48700C7602E /* TimerViewController.swift */,
			);
			path = timer;
			sourceTree = "<group>";
		};
		385AE9662147D91100C7602E /* pods */ = {
			isa = PBXGroup;
			children = (
				385AE9672147D9A800C7602E /* ChameleonViewController.swift */,
			);
			path = pods;
			sourceTree = "<group>";
		};
		387997CF2147E50200E2A6F0 /* Weather */ = {
			isa = PBXGroup;
			children = (
				387997D62147E75A00E2A6F0 /* WeatherConstants.swift */,
				387997D82147EE9600E2A6F0 /* UserDefaultsHelper.swift */,
				387997D02147E51300E2A6F0 /* WeatherViewController.swift */,
				387997D22147E5F000E2A6F0 /* WeatherInfoProvider.swift */,
				387997D42147E5FE00E2A6F0 /* WeatherInfo.swift */,
				387997DA2147F80300E2A6F0 /* StorageHelper.swift */,
			);
			path = Weather;
			sourceTree = "<group>";
		};
		F914EEBA5E110AD2567D012D /* Pods */ = {
			isa = PBXGroup;
			children = (
				4F893A3AD035CB019D297F86 /* Pods-todo-app.debug.xcconfig */,
				ADEEA5FDDDCA438E2E85FDC8 /* Pods-todo-app.release.xcconfig */,
				0DC0579FAC3DAB55AF5CC493 /* Pods-todo-appTests.debug.xcconfig */,
				E6AC614AA7C6E86611E1193A /* Pods-todo-appTests.release.xcconfig */,
				FD513DF5687A22279381D0DE /* Pods-todo-appUITests.debug.xcconfig */,
				B09F4EA74BF98D00A1B707EB /* Pods-todo-appUITests.release.xcconfig */,
			);
			name = Pods;
			sourceTree = "<group>";
		};
/* End PBXGroup section */

/* Begin PBXNativeTarget section */
		384C88C8214027970020B6D8 /* todo-app */ = {
			isa = PBXNativeTarget;
			buildConfigurationList = 384C88F1214027980020B6D8 /* Build configuration list for PBXNativeTarget "todo-app" */;
			buildPhases = (
				A0370E12040E90AB9AAED18F /* [CP] Check Pods Manifest.lock */,
				384C88C5214027970020B6D8 /* Sources */,
				384C88C6214027970020B6D8 /* Frameworks */,
				384C88C7214027970020B6D8 /* Resources */,
				3F27EBFD4F9A45C7FF2C755F /* [CP] Embed Pods Frameworks */,
			);
			buildRules = (
			);
			dependencies = (
			);
			name = "todo-app";
			productName = "todo-app";
			productReference = 384C88C9214027970020B6D8 /* todo-app.app */;
			productType = "com.apple.product-type.application";
		};
		384C88DC214027980020B6D8 /* todo-appTests */ = {
			isa = PBXNativeTarget;
			buildConfigurationList = 384C88F4214027980020B6D8 /* Build configuration list for PBXNativeTarget "todo-appTests" */;
			buildPhases = (
				50196F9B981DD7ACCB927796 /* [CP] Check Pods Manifest.lock */,
				384C88D9214027980020B6D8 /* Sources */,
				384C88DA214027980020B6D8 /* Frameworks */,
				384C88DB214027980020B6D8 /* Resources */,
			);
			buildRules = (
			);
			dependencies = (
				384C88DF214027980020B6D8 /* PBXTargetDependency */,
			);
			name = "todo-appTests";
			productName = "todo-appTests";
			productReference = 384C88DD214027980020B6D8 /* todo-appTests.xctest */;
			productType = "com.apple.product-type.bundle.unit-test";
		};
		384C88E7214027980020B6D8 /* todo-appUITests */ = {
			isa = PBXNativeTarget;
			buildConfigurationList = 384C88F7214027980020B6D8 /* Build configuration list for PBXNativeTarget "todo-appUITests" */;
			buildPhases = (
				50BCAE993303805D6A4729FD /* [CP] Check Pods Manifest.lock */,
				384C88E4214027980020B6D8 /* Sources */,
				384C88E5214027980020B6D8 /* Frameworks */,
				384C88E6214027980020B6D8 /* Resources */,
			);
			buildRules = (
			);
			dependencies = (
				384C88EA214027980020B6D8 /* PBXTargetDependency */,
			);
			name = "todo-appUITests";
			productName = "todo-appUITests";
			productReference = 384C88E8214027980020B6D8 /* todo-appUITests.xctest */;
			productType = "com.apple.product-type.bundle.ui-testing";
		};
/* End PBXNativeTarget section */

/* Begin PBXProject section */
		384C88C1214027970020B6D8 /* Project object */ = {
			isa = PBXProject;
			attributes = {
				LastSwiftUpdateCheck = 0940;
				LastUpgradeCheck = 0940;
				ORGANIZATIONNAME = kacalek;
				TargetAttributes = {
					384C88C8214027970020B6D8 = {
						CreatedOnToolsVersion = 9.4.1;
					};
					384C88DC214027980020B6D8 = {
						CreatedOnToolsVersion = 9.4.1;
						TestTargetID = 384C88C8214027970020B6D8;
					};
					384C88E7214027980020B6D8 = {
						CreatedOnToolsVersion = 9.4.1;
						TestTargetID = 384C88C8214027970020B6D8;
					};
				};
			};
			buildConfigurationList = 384C88C4214027970020B6D8 /* Build configuration list for PBXProject "todo-app" */;
			compatibilityVersion = "Xcode 9.3";
			developmentRegion = en;
			hasScannedForEncodings = 0;
			knownRegions = (
				en,
				Base,
			);
			mainGroup = 384C88C0214027970020B6D8;
			productRefGroup = 384C88CA214027970020B6D8 /* Products */;
			projectDirPath = "";
			projectRoot = "";
			targets = (
				384C88C8214027970020B6D8 /* todo-app */,
				384C88DC214027980020B6D8 /* todo-appTests */,
				384C88E7214027980020B6D8 /* todo-appUITests */,
			);
		};
/* End PBXProject section */

/* Begin PBXResourcesBuildPhase section */
		384C88C7214027970020B6D8 /* Resources */ = {
			isa = PBXResourcesBuildPhase;
			buildActionMask = 2147483647;
			files = (
				385AE9622146B2AB00C7602E /* timer-start.png in Resources */,
				384C88D7214027980020B6D8 /* LaunchScreen.storyboard in Resources */,
				385147512142A1AF0085750D /* Screen Shot 2018-08-29 at 11.12.39.png in Resources */,
				385AE91E2146AB1D00C7602E /* Untitled.png in Resources */,
				385AE9612146B2AB00C7602E /* timer-reset.png in Resources */,
				385AE91421469C9200C7602E /* if_FEZ-05_196911.png in Resources */,
				384C88D4214027980020B6D8 /* Assets.xcassets in Resources */,
				384C88D2214027970020B6D8 /* Main.storyboard in Resources */,
				385AE9602146B2AB00C7602E /* timer-pause.png in Resources */,
			);
			runOnlyForDeploymentPostprocessing = 0;
		};
		384C88DB214027980020B6D8 /* Resources */ = {
			isa = PBXResourcesBuildPhase;
			buildActionMask = 2147483647;
			files = (
			);
			runOnlyForDeploymentPostprocessing = 0;
		};
		384C88E6214027980020B6D8 /* Resources */ = {
			isa = PBXResourcesBuildPhase;
			buildActionMask = 2147483647;
			files = (
			);
			runOnlyForDeploymentPostprocessing = 0;
		};
/* End PBXResourcesBuildPhase section */

/* Begin PBXShellScriptBuildPhase section */
		3F27EBFD4F9A45C7FF2C755F /* [CP] Embed Pods Frameworks */ = {
			isa = PBXShellScriptBuildPhase;
			buildActionMask = 2147483647;
			files = (
			);
			inputPaths = (
				"${SRCROOT}/Pods/Target Support Files/Pods-todo-app/Pods-todo-app-frameworks.sh",
				"${BUILT_PRODUCTS_DIR}/Alamofire/Alamofire.framework",
				"${BUILT_PRODUCTS_DIR}/ChameleonFramework/ChameleonFramework.framework",
				"${BUILT_PRODUCTS_DIR}/SwiftyJSON/SwiftyJSON.framework",
			);
			name = "[CP] Embed Pods Frameworks";
			outputPaths = (
				"${TARGET_BUILD_DIR}/${FRAMEWORKS_FOLDER_PATH}/Alamofire.framework",
				"${TARGET_BUILD_DIR}/${FRAMEWORKS_FOLDER_PATH}/ChameleonFramework.framework",
				"${TARGET_BUILD_DIR}/${FRAMEWORKS_FOLDER_PATH}/SwiftyJSON.framework",
			);
			runOnlyForDeploymentPostprocessing = 0;
			shellPath = /bin/sh;
			shellScript = "\"${SRCROOT}/Pods/Target Support Files/Pods-todo-app/Pods-todo-app-frameworks.sh\"\n";
			showEnvVarsInLog = 0;
		};
		50196F9B981DD7ACCB927796 /* [CP] Check Pods Manifest.lock */ = {
			isa = PBXShellScriptBuildPhase;
			buildActionMask = 2147483647;
			files = (
			);
			inputPaths = (
				"${PODS_PODFILE_DIR_PATH}/Podfile.lock",
				"${PODS_ROOT}/Manifest.lock",
			);
			name = "[CP] Check Pods Manifest.lock";
			outputPaths = (
				"$(DERIVED_FILE_DIR)/Pods-todo-appTests-checkManifestLockResult.txt",
			);
			runOnlyForDeploymentPostprocessing = 0;
			shellPath = /bin/sh;
			shellScript = "diff \"${PODS_PODFILE_DIR_PATH}/Podfile.lock\" \"${PODS_ROOT}/Manifest.lock\" > /dev/null\nif [ $? != 0 ] ; then\n    # print error to STDERR\n    echo \"error: The sandbox is not in sync with the Podfile.lock. Run 'pod install' or update your CocoaPods installation.\" >&2\n    exit 1\nfi\n# This output is used by Xcode 'outputs' to avoid re-running this script phase.\necho \"SUCCESS\" > \"${SCRIPT_OUTPUT_FILE_0}\"\n";
			showEnvVarsInLog = 0;
		};
		50BCAE993303805D6A4729FD /* [CP] Check Pods Manifest.lock */ = {
			isa = PBXShellScriptBuildPhase;
			buildActionMask = 2147483647;
			files = (
			);
			inputPaths = (
				"${PODS_PODFILE_DIR_PATH}/Podfile.lock",
				"${PODS_ROOT}/Manifest.lock",
			);
			name = "[CP] Check Pods Manifest.lock";
			outputPaths = (
				"$(DERIVED_FILE_DIR)/Pods-todo-appUITests-checkManifestLockResult.txt",
			);
			runOnlyForDeploymentPostprocessing = 0;
			shellPath = /bin/sh;
			shellScript = "diff \"${PODS_PODFILE_DIR_PATH}/Podfile.lock\" \"${PODS_ROOT}/Manifest.lock\" > /dev/null\nif [ $? != 0 ] ; then\n    # print error to STDERR\n    echo \"error: The sandbox is not in sync with the Podfile.lock. Run 'pod install' or update your CocoaPods installation.\" >&2\n    exit 1\nfi\n# This output is used by Xcode 'outputs' to avoid re-running this script phase.\necho \"SUCCESS\" > \"${SCRIPT_OUTPUT_FILE_0}\"\n";
			showEnvVarsInLog = 0;
		};
		A0370E12040E90AB9AAED18F /* [CP] Check Pods Manifest.lock */ = {
			isa = PBXShellScriptBuildPhase;
			buildActionMask = 2147483647;
			files = (
			);
			inputPaths = (
				"${PODS_PODFILE_DIR_PATH}/Podfile.lock",
				"${PODS_ROOT}/Manifest.lock",
			);
			name = "[CP] Check Pods Manifest.lock";
			outputPaths = (
				"$(DERIVED_FILE_DIR)/Pods-todo-app-checkManifestLockResult.txt",
			);
			runOnlyForDeploymentPostprocessing = 0;
			shellPath = /bin/sh;
			shellScript = "diff \"${PODS_PODFILE_DIR_PATH}/Podfile.lock\" \"${PODS_ROOT}/Manifest.lock\" > /dev/null\nif [ $? != 0 ] ; then\n    # print error to STDERR\n    echo \"error: The sandbox is not in sync with the Podfile.lock. Run 'pod install' or update your CocoaPods installation.\" >&2\n    exit 1\nfi\n# This output is used by Xcode 'outputs' to avoid re-running this script phase.\necho \"SUCCESS\" > \"${SCRIPT_OUTPUT_FILE_0}\"\n";
			showEnvVarsInLog = 0;
		};
/* End PBXShellScriptBuildPhase section */

/* Begin PBXSourcesBuildPhase section */
		384C88C5214027970020B6D8 /* Sources */ = {
			isa = PBXSourcesBuildPhase;
			buildActionMask = 2147483647;
			files = (
				385AE9062146714500C7602E /* SecondViewController.swift in Sources */,
				387997D12147E51300E2A6F0 /* WeatherViewController.swift in Sources */,
				385AE9042146713100C7602E /* ViewController.swift in Sources */,
				385147592142C1B90085750D /* Todo.swift in Sources */,
				385147572142BE3E0085750D /* TodoNewViewController.swift in Sources */,
				385147552142B09A0085750D /* CrossroadsTableViewController.swift in Sources */,
				385AE900214670BD00C7602E /* BravoVC.swift in Sources */,
				387997D52147E5FE00E2A6F0 /* WeatherInfo.swift in Sources */,
				385AE902214670DC00C7602E /* DataObject.swift in Sources */,
				387997D92147EE9600E2A6F0 /* UserDefaultsHelper.swift in Sources */,
				385AE9682147D9A800C7602E /* ChameleonViewController.swift in Sources */,
				384C88CD214027970020B6D8 /* AppDelegate.swift in Sources */,
				385AE8FE214670A400C7602E /* AlphaVC.swift in Sources */,
				3851475D2142CD3C0085750D /* QRScannerController.swift in Sources */,
				387997D32147E5F000E2A6F0 /* WeatherInfoProvider.swift in Sources */,
				385AE9652146B48700C7602E /* TimerViewController.swift in Sources */,
				385AE9082146716000C7602E /* ThirdViewController.swift in Sources */,
				385147532142A57E0085750D /* TodosViewController.swift in Sources */,
				387997D72147E75A00E2A6F0 /* WeatherConstants.swift in Sources */,
				387997DB2147F80300E2A6F0 /* StorageHelper.swift in Sources */,
			);
			runOnlyForDeploymentPostprocessing = 0;
		};
		384C88D9214027980020B6D8 /* Sources */ = {
			isa = PBXSourcesBuildPhase;
			buildActionMask = 2147483647;
			files = (
			);
			runOnlyForDeploymentPostprocessing = 0;
		};
		384C88E4214027980020B6D8 /* Sources */ = {
			isa = PBXSourcesBuildPhase;
			buildActionMask = 2147483647;
			files = (
			);
			runOnlyForDeploymentPostprocessing = 0;
		};
/* End PBXSourcesBuildPhase section */

/* Begin PBXTargetDependency section */
		384C88DF214027980020B6D8 /* PBXTargetDependency */ = {
			isa = PBXTargetDependency;
			target = 384C88C8214027970020B6D8 /* todo-app */;
			targetProxy = 384C88DE214027980020B6D8 /* PBXContainerItemProxy */;
		};
		384C88EA214027980020B6D8 /* PBXTargetDependency */ = {
			isa = PBXTargetDependency;
			target = 384C88C8214027970020B6D8 /* todo-app */;
			targetProxy = 384C88E9214027980020B6D8 /* PBXContainerItemProxy */;
		};
/* End PBXTargetDependency section */

/* Begin PBXVariantGroup section */
		384C88D0214027970020B6D8 /* Main.storyboard */ = {
			isa = PBXVariantGroup;
			children = (
				384C88D1214027970020B6D8 /* Base */,
			);
			name = Main.storyboard;
			sourceTree = "<group>";
		};
		384C88D5214027980020B6D8 /* LaunchScreen.storyboard */ = {
			isa = PBXVariantGroup;
			children = (
				384C88D6214027980020B6D8 /* Base */,
			);
			name = LaunchScreen.storyboard;
			sourceTree = "<group>";
		};
/* End PBXVariantGroup section */

/* Begin XCBuildConfiguration section */
		384C88EF214027980020B6D8 /* Debug */ = {
			isa = XCBuildConfiguration;
			buildSettings = {
				ALWAYS_SEARCH_USER_PATHS = NO;
				CLANG_ANALYZER_NONNULL = YES;
				CLANG_ANALYZER_NUMBER_OBJECT_CONVERSION = YES_AGGRESSIVE;
				CLANG_CXX_LANGUAGE_STANDARD = "gnu++14";
				CLANG_CXX_LIBRARY = "libc++";
				CLANG_ENABLE_MODULES = YES;
				CLANG_ENABLE_OBJC_ARC = YES;
				CLANG_ENABLE_OBJC_WEAK = YES;
				CLANG_WARN_BLOCK_CAPTURE_AUTORELEASING = YES;
				CLANG_WARN_BOOL_CONVERSION = YES;
				CLANG_WARN_COMMA = YES;
				CLANG_WARN_CONSTANT_CONVERSION = YES;
				CLANG_WARN_DEPRECATED_OBJC_IMPLEMENTATIONS = YES;
				CLANG_WARN_DIRECT_OBJC_ISA_USAGE = YES_ERROR;
				CLANG_WARN_DOCUMENTATION_COMMENTS = YES;
				CLANG_WARN_EMPTY_BODY = YES;
				CLANG_WARN_ENUM_CONVERSION = YES;
				CLANG_WARN_INFINITE_RECURSION = YES;
				CLANG_WARN_INT_CONVERSION = YES;
				CLANG_WARN_NON_LITERAL_NULL_CONVERSION = YES;
				CLANG_WARN_OBJC_IMPLICIT_RETAIN_SELF = YES;
				CLANG_WARN_OBJC_LITERAL_CONVERSION = YES;
				CLANG_WARN_OBJC_ROOT_CLASS = YES_ERROR;
				CLANG_WARN_RANGE_LOOP_ANALYSIS = YES;
				CLANG_WARN_STRICT_PROTOTYPES = YES;
				CLANG_WARN_SUSPICIOUS_MOVE = YES;
				CLANG_WARN_UNGUARDED_AVAILABILITY = YES_AGGRESSIVE;
				CLANG_WARN_UNREACHABLE_CODE = YES;
				CLANG_WARN__DUPLICATE_METHOD_MATCH = YES;
				CODE_SIGN_IDENTITY = "iPhone Developer";
				COPY_PHASE_STRIP = NO;
				DEBUG_INFORMATION_FORMAT = dwarf;
				ENABLE_STRICT_OBJC_MSGSEND = YES;
				ENABLE_TESTABILITY = YES;
				GCC_C_LANGUAGE_STANDARD = gnu11;
				GCC_DYNAMIC_NO_PIC = NO;
				GCC_NO_COMMON_BLOCKS = YES;
				GCC_OPTIMIZATION_LEVEL = 0;
				GCC_PREPROCESSOR_DEFINITIONS = (
					"DEBUG=1",
					"$(inherited)",
				);
				GCC_WARN_64_TO_32_BIT_CONVERSION = YES;
				GCC_WARN_ABOUT_RETURN_TYPE = YES_ERROR;
				GCC_WARN_UNDECLARED_SELECTOR = YES;
				GCC_WARN_UNINITIALIZED_AUTOS = YES_AGGRESSIVE;
				GCC_WARN_UNUSED_FUNCTION = YES;
				GCC_WARN_UNUSED_VARIABLE = YES;
				IPHONEOS_DEPLOYMENT_TARGET = 11.4;
				MTL_ENABLE_DEBUG_INFO = YES;
				ONLY_ACTIVE_ARCH = YES;
				SDKROOT = iphoneos;
				SWIFT_ACTIVE_COMPILATION_CONDITIONS = DEBUG;
				SWIFT_OPTIMIZATION_LEVEL = "-Onone";
			};
			name = Debug;
		};
		384C88F0214027980020B6D8 /* Release */ = {
			isa = XCBuildConfiguration;
			buildSettings = {
				ALWAYS_SEARCH_USER_PATHS = NO;
				CLANG_ANALYZER_NONNULL = YES;
				CLANG_ANALYZER_NUMBER_OBJECT_CONVERSION = YES_AGGRESSIVE;
				CLANG_CXX_LANGUAGE_STANDARD = "gnu++14";
				CLANG_CXX_LIBRARY = "libc++";
				CLANG_ENABLE_MODULES = YES;
				CLANG_ENABLE_OBJC_ARC = YES;
				CLANG_ENABLE_OBJC_WEAK = YES;
				CLANG_WARN_BLOCK_CAPTURE_AUTORELEASING = YES;
				CLANG_WARN_BOOL_CONVERSION = YES;
				CLANG_WARN_COMMA = YES;
				CLANG_WARN_CONSTANT_CONVERSION = YES;
				CLANG_WARN_DEPRECATED_OBJC_IMPLEMENTATIONS = YES;
				CLANG_WARN_DIRECT_OBJC_ISA_USAGE = YES_ERROR;
				CLANG_WARN_DOCUMENTATION_COMMENTS = YES;
				CLANG_WARN_EMPTY_BODY = YES;
				CLANG_WARN_ENUM_CONVERSION = YES;
				CLANG_WARN_INFINITE_RECURSION = YES;
				CLANG_WARN_INT_CONVERSION = YES;
				CLANG_WARN_NON_LITERAL_NULL_CONVERSION = YES;
				CLANG_WARN_OBJC_IMPLICIT_RETAIN_SELF = YES;
				CLANG_WARN_OBJC_LITERAL_CONVERSION = YES;
				CLANG_WARN_OBJC_ROOT_CLASS = YES_ERROR;
				CLANG_WARN_RANGE_LOOP_ANALYSIS = YES;
				CLANG_WARN_STRICT_PROTOTYPES = YES;
				CLANG_WARN_SUSPICIOUS_MOVE = YES;
				CLANG_WARN_UNGUARDED_AVAILABILITY = YES_AGGRESSIVE;
				CLANG_WARN_UNREACHABLE_CODE = YES;
				CLANG_WARN__DUPLICATE_METHOD_MATCH = YES;
				CODE_SIGN_IDENTITY = "iPhone Developer";
				COPY_PHASE_STRIP = NO;
				DEBUG_INFORMATION_FORMAT = "dwarf-with-dsym";
				ENABLE_NS_ASSERTIONS = NO;
				ENABLE_STRICT_OBJC_MSGSEND = YES;
				GCC_C_LANGUAGE_STANDARD = gnu11;
				GCC_NO_COMMON_BLOCKS = YES;
				GCC_WARN_64_TO_32_BIT_CONVERSION = YES;
				GCC_WARN_ABOUT_RETURN_TYPE = YES_ERROR;
				GCC_WARN_UNDECLARED_SELECTOR = YES;
				GCC_WARN_UNINITIALIZED_AUTOS = YES_AGGRESSIVE;
				GCC_WARN_UNUSED_FUNCTION = YES;
				GCC_WARN_UNUSED_VARIABLE = YES;
				IPHONEOS_DEPLOYMENT_TARGET = 11.4;
				MTL_ENABLE_DEBUG_INFO = NO;
				SDKROOT = iphoneos;
				SWIFT_COMPILATION_MODE = wholemodule;
				SWIFT_OPTIMIZATION_LEVEL = "-O";
				VALIDATE_PRODUCT = YES;
			};
			name = Release;
		};
		384C88F2214027980020B6D8 /* Debug */ = {
			isa = XCBuildConfiguration;
			baseConfigurationReference = 4F893A3AD035CB019D297F86 /* Pods-todo-app.debug.xcconfig */;
			buildSettings = {
				ASSETCATALOG_COMPILER_APPICON_NAME = AppIcon;
				CODE_SIGN_STYLE = Automatic;
				DEVELOPMENT_TEAM = 7PJP2XB49W;
				INFOPLIST_FILE = "todo-app/Info.plist";
				LD_RUNPATH_SEARCH_PATHS = (
					"$(inherited)",
					"@executable_path/Frameworks",
				);
				PRODUCT_BUNDLE_IDENTIFIER = "hellit.todo-app";
				PRODUCT_NAME = "$(TARGET_NAME)";
				SWIFT_VERSION = 4.0;
				TARGETED_DEVICE_FAMILY = "1,2";
			};
			name = Debug;
		};
		384C88F3214027980020B6D8 /* Release */ = {
			isa = XCBuildConfiguration;
			baseConfigurationReference = ADEEA5FDDDCA438E2E85FDC8 /* Pods-todo-app.release.xcconfig */;
			buildSettings = {
				ASSETCATALOG_COMPILER_APPICON_NAME = AppIcon;
				CODE_SIGN_STYLE = Automatic;
				DEVELOPMENT_TEAM = 7PJP2XB49W;
				INFOPLIST_FILE = "todo-app/Info.plist";
				LD_RUNPATH_SEARCH_PATHS = (
					"$(inherited)",
					"@executable_path/Frameworks",
				);
				PRODUCT_BUNDLE_IDENTIFIER = "hellit.todo-app";
				PRODUCT_NAME = "$(TARGET_NAME)";
				SWIFT_VERSION = 4.0;
				TARGETED_DEVICE_FAMILY = "1,2";
			};
			name = Release;
		};
		384C88F5214027980020B6D8 /* Debug */ = {
			isa = XCBuildConfiguration;
			baseConfigurationReference = 0DC0579FAC3DAB55AF5CC493 /* Pods-todo-appTests.debug.xcconfig */;
			buildSettings = {
				ALWAYS_EMBED_SWIFT_STANDARD_LIBRARIES = YES;
				BUNDLE_LOADER = "$(TEST_HOST)";
				CODE_SIGN_STYLE = Automatic;
				DEVELOPMENT_TEAM = 7PJP2XB49W;
				INFOPLIST_FILE = "todo-appTests/Info.plist";
				LD_RUNPATH_SEARCH_PATHS = (
					"$(inherited)",
					"@executable_path/Frameworks",
					"@loader_path/Frameworks",
				);
				PRODUCT_BUNDLE_IDENTIFIER = "hellit.todo-appTests";
				PRODUCT_NAME = "$(TARGET_NAME)";
				SWIFT_VERSION = 4.0;
				TARGETED_DEVICE_FAMILY = "1,2";
				TEST_HOST = "$(BUILT_PRODUCTS_DIR)/todo-app.app/todo-app";
			};
			name = Debug;
		};
		384C88F6214027980020B6D8 /* Release */ = {
			isa = XCBuildConfiguration;
			baseConfigurationReference = E6AC614AA7C6E86611E1193A /* Pods-todo-appTests.release.xcconfig */;
			buildSettings = {
				ALWAYS_EMBED_SWIFT_STANDARD_LIBRARIES = YES;
				BUNDLE_LOADER = "$(TEST_HOST)";
				CODE_SIGN_STYLE = Automatic;
				DEVELOPMENT_TEAM = 7PJP2XB49W;
				INFOPLIST_FILE = "todo-appTests/Info.plist";
				LD_RUNPATH_SEARCH_PATHS = (
					"$(inherited)",
					"@executable_path/Frameworks",
					"@loader_path/Frameworks",
				);
				PRODUCT_BUNDLE_IDENTIFIER = "hellit.todo-appTests";
				PRODUCT_NAME = "$(TARGET_NAME)";
				SWIFT_VERSION = 4.0;
				TARGETED_DEVICE_FAMILY = "1,2";
				TEST_HOST = "$(BUILT_PRODUCTS_DIR)/todo-app.app/todo-app";
			};
			name = Release;
		};
		384C88F8214027980020B6D8 /* Debug */ = {
			isa = XCBuildConfiguration;
			baseConfigurationReference = FD513DF5687A22279381D0DE /* Pods-todo-appUITests.debug.xcconfig */;
			buildSettings = {
				ALWAYS_EMBED_SWIFT_STANDARD_LIBRARIES = YES;
				CODE_SIGN_STYLE = Automatic;
				DEVELOPMENT_TEAM = 7PJP2XB49W;
				INFOPLIST_FILE = "todo-appUITests/Info.plist";
				LD_RUNPATH_SEARCH_PATHS = (
					"$(inherited)",
					"@executable_path/Frameworks",
					"@loader_path/Frameworks",
				);
				PRODUCT_BUNDLE_IDENTIFIER = "hellit.todo-appUITests";
				PRODUCT_NAME = "$(TARGET_NAME)";
				SWIFT_VERSION = 4.0;
				TARGETED_DEVICE_FAMILY = "1,2";
				TEST_TARGET_NAME = "todo-app";
			};
			name = Debug;
		};
		384C88F9214027980020B6D8 /* Release */ = {
			isa = XCBuildConfiguration;
			baseConfigurationReference = B09F4EA74BF98D00A1B707EB /* Pods-todo-appUITests.release.xcconfig */;
			buildSettings = {
				ALWAYS_EMBED_SWIFT_STANDARD_LIBRARIES = YES;
				CODE_SIGN_STYLE = Automatic;
				DEVELOPMENT_TEAM = 7PJP2XB49W;
				INFOPLIST_FILE = "todo-appUITests/Info.plist";
				LD_RUNPATH_SEARCH_PATHS = (
					"$(inherited)",
					"@executable_path/Frameworks",
					"@loader_path/Frameworks",
				);
				PRODUCT_BUNDLE_IDENTIFIER = "hellit.todo-appUITests";
				PRODUCT_NAME = "$(TARGET_NAME)";
				SWIFT_VERSION = 4.0;
				TARGETED_DEVICE_FAMILY = "1,2";
				TEST_TARGET_NAME = "todo-app";
			};
			name = Release;
		};
/* End XCBuildConfiguration section */

/* Begin XCConfigurationList section */
		384C88C4214027970020B6D8 /* Build configuration list for PBXProject "todo-app" */ = {
			isa = XCConfigurationList;
			buildConfigurations = (
				384C88EF214027980020B6D8 /* Debug */,
				384C88F0214027980020B6D8 /* Release */,
			);
			defaultConfigurationIsVisible = 0;
			defaultConfigurationName = Release;
		};
		384C88F1214027980020B6D8 /* Build configuration list for PBXNativeTarget "todo-app" */ = {
			isa = XCConfigurationList;
			buildConfigurations = (
				384C88F2214027980020B6D8 /* Debug */,
				384C88F3214027980020B6D8 /* Release */,
			);
			defaultConfigurationIsVisible = 0;
			defaultConfigurationName = Release;
		};
		384C88F4214027980020B6D8 /* Build configuration list for PBXNativeTarget "todo-appTests" */ = {
			isa = XCConfigurationList;
			buildConfigurations = (
				384C88F5214027980020B6D8 /* Debug */,
				384C88F6214027980020B6D8 /* Release */,
			);
			defaultConfigurationIsVisible = 0;
			defaultConfigurationName = Release;
		};
		384C88F7214027980020B6D8 /* Build configuration list for PBXNativeTarget "todo-appUITests" */ = {
			isa = XCConfigurationList;
			buildConfigurations = (
				384C88F8214027980020B6D8 /* Debug */,
				384C88F9214027980020B6D8 /* Release */,
			);
			defaultConfigurationIsVisible = 0;
			defaultConfigurationName = Release;
		};
/* End XCConfigurationList section */
	};
	rootObject = 384C88C1214027970020B6D8 /* Project object */;
}
